
Microsoft Visual Studio Solution File, Format Version 12.00
# Visual Studio Version 17
VisualStudioVersion = 17.3.32922.545
MinimumVisualStudioVersion = 10.0.40219.1
Project("{FAE04EC0-301F-11D3-BF4B-00C04F79EFBC}") = "CasinoManagementSystem", "CasinoManagementSystem.csproj", "{3D3D0B51-8A87-49AF-84C0-917095AC880A}"
EndProject
Global
	GlobalSection(SolutionConfigurationPlatforms) = preSolution
		Debug|Any CPU = Debug|Any CPU
		Release|Any CPU = Release|Any CPU
	EndGlobalSection
	GlobalSection(ProjectConfigurationPlatforms) = postSolution
		{3D3D0B51-8A87-49AF-84C0-917095AC880A}.Debug|Any CPU.ActiveCfg = Debug|Any CPU
		{3D3D0B51-8A87-49AF-84C0-917095AC880A}.Debug|Any CPU.Build.0 = Debug|Any CPU
		{3D3D0B51-8A87-49AF-84C0-917095AC880A}.Release|Any CPU.ActiveCfg = Release|Any CPU
		{3D3D0B51-8A87-49AF-84C0-917095AC880A}.Release|Any CPU.Build.0 = Release|Any CPU
	EndGlobalSection
	GlobalSection(SolutionProperties) = preSolution
		HideSolutionNode = FALSE
	EndGlobalSection
	GlobalSection(ExtensibilityGlobals) = postSolution
		SolutionGuid = {ECCBAD2B-85C9-4D24-8277-36D15571A4EC}
	EndGlobalSection
EndGlobal
